// !$*UTF8*$!
{
	archiveVersion = 1;
	classes = {
	};
	objectVersion = 48;
	objects = {

/* Begin PBXBuildFile section */
		500F72E434136C0E2DB90B7A /* Pods_Todoey.framework in Frameworks */ = {isa = PBXBuildFile; fileRef = 62F604BD2EA3A4F1D8EE4870 /* Pods_Todoey.framework */; };
		747E912B2072DACB002444C6 /* CategoryViewController.swift in Sources */ = {isa = PBXBuildFile; fileRef = 747E912A2072DACB002444C6 /* CategoryViewController.swift */; };
		7489536A206F7B6F00F94F56 /* DataModel.xcdatamodeld in Sources */ = {isa = PBXBuildFile; fileRef = 74895368206F7B6F00F94F56 /* DataModel.xcdatamodeld */; };
		74DBC32E2069E7F0006350C9 /* AppDelegate.swift in Sources */ = {isa = PBXBuildFile; fileRef = 74DBC32D2069E7F0006350C9 /* AppDelegate.swift */; };
		74DBC3302069E7F0006350C9 /* TodoListViewController.swift in Sources */ = {isa = PBXBuildFile; fileRef = 74DBC32F2069E7F0006350C9 /* TodoListViewController.swift */; };
		74DBC3332069E7F0006350C9 /* Main.storyboard in Resources */ = {isa = PBXBuildFile; fileRef = 74DBC3312069E7F0006350C9 /* Main.storyboard */; };
		74DBC3352069E7F0006350C9 /* Assets.xcassets in Resources */ = {isa = PBXBuildFile; fileRef = 74DBC3342069E7F0006350C9 /* Assets.xcassets */; };
		74DBC3382069E7F0006350C9 /* LaunchScreen.storyboard in Resources */ = {isa = PBXBuildFile; fileRef = 74DBC3362069E7F0006350C9 /* LaunchScreen.storyboard */; };
/* End PBXBuildFile section */

/* Begin PBXFileReference section */
		4A9DFBC30F501368A6CE382A /* Pods-Todoey.release.xcconfig */ = {isa = PBXFileReference; includeInIndex = 1; lastKnownFileType = text.xcconfig; name = "Pods-Todoey.release.xcconfig"; path = "Pods/Target Support Files/Pods-Todoey/Pods-Todoey.release.xcconfig"; sourceTree = "<group>"; };
		62F604BD2EA3A4F1D8EE4870 /* Pods_Todoey.framework */ = {isa = PBXFileReference; explicitFileType = wrapper.framework; includeInIndex = 0; path = Pods_Todoey.framework; sourceTree = BUILT_PRODUCTS_DIR; };
		747E912A2072DACB002444C6 /* CategoryViewController.swift */ = {isa = PBXFileReference; lastKnownFileType = sourcecode.swift; path = CategoryViewController.swift; sourceTree = "<group>"; };
		74895369206F7B6F00F94F56 /* DataModel.xcdatamodel */ = {isa = PBXFileReference; lastKnownFileType = wrapper.xcdatamodel; path = DataModel.xcdatamodel; sourceTree = "<group>"; };
		74DBC32A2069E7F0006350C9 /* Todoey.app */ = {isa = PBXFileReference; explicitFileType = wrapper.application; includeInIndex = 0; path = Todoey.app; sourceTree = BUILT_PRODUCTS_DIR; };
		74DBC32D2069E7F0006350C9 /* AppDelegate.swift */ = {isa = PBXFileReference; lastKnownFileType = sourcecode.swift; path = AppDelegate.swift; sourceTree = "<group>"; };
		74DBC32F2069E7F0006350C9 /* TodoListViewController.swift */ = {isa = PBXFileReference; lastKnownFileType = sourcecode.swift; path = TodoListViewController.swift; sourceTree = "<group>"; };
		74DBC3322069E7F0006350C9 /* Base */ = {isa = PBXFileReference; lastKnownFileType = file.storyboard; name = Base; path = Base.lproj/Main.storyboard; sourceTree = "<group>"; };
		74DBC3342069E7F0006350C9 /* Assets.xcassets */ = {isa = PBXFileReference; lastKnownFileType = folder.assetcatalog; path = Assets.xcassets; sourceTree = "<group>"; };
		74DBC3372069E7F0006350C9 /* Base */ = {isa = PBXFileReference; lastKnownFileType = file.storyboard; name = Base; path = Base.lproj/LaunchScreen.storyboard; sourceTree = "<group>"; };
		74DBC3392069E7F0006350C9 /* Info.plist */ = {isa = PBXFileReference; lastKnownFileType = text.plist.xml; path = Info.plist; sourceTree = "<group>"; };
		B50F9F4889E369D848CFBE95 /* Pods-Todoey.debug.xcconfig */ = {isa = PBXFileReference; includeInIndex = 1; lastKnownFileType = text.xcconfig; name = "Pods-Todoey.debug.xcconfig"; path = "Pods/Target Support Files/Pods-Todoey/Pods-Todoey.debug.xcconfig"; sourceTree = "<group>"; };
/* End PBXFileReference section */

/* Begin PBXFrameworksBuildPhase section */
		74DBC3272069E7F0006350C9 /* Frameworks */ = {
			isa = PBXFrameworksBuildPhase;
			buildActionMask = 2147483647;
			files = (
				500F72E434136C0E2DB90B7A /* Pods_Todoey.framework in Frameworks */,
			);
			runOnlyForDeploymentPostprocessing = 0;
		};
/* End PBXFrameworksBuildPhase section */

/* Begin PBXGroup section */
		74DBC3212069E7F0006350C9 = {
			isa = PBXGroup;
			children = (
				74DBC32C2069E7F0006350C9 /* Todoey */,
				74DBC32B2069E7F0006350C9 /* Products */,
				C3F4FC792BAE71FA9D983EDD /* Pods */,
				FE51BA8E4AC47A60DEB3269B /* Frameworks */,
			);
			sourceTree = "<group>";
		};
		74DBC32B2069E7F0006350C9 /* Products */ = {
			isa = PBXGroup;
			children = (
				74DBC32A2069E7F0006350C9 /* Todoey.app */,
			);
			name = Products;
			sourceTree = "<group>";
		};
		74DBC32C2069E7F0006350C9 /* Todoey */ = {
			isa = PBXGroup;
			children = (
				74DBC32D2069E7F0006350C9 /* AppDelegate.swift */,
				74DBC342206A0937006350C9 /* Controllers */,
				74DBC341206A0929006350C9 /* Data Model */,
				74DBC343206A0948006350C9 /* Views */,
				74DBC3342069E7F0006350C9 /* Assets.xcassets */,
				74DBC3362069E7F0006350C9 /* LaunchScreen.storyboard */,
				74DBC3392069E7F0006350C9 /* Info.plist */,
			);
			path = Todoey;
			sourceTree = "<group>";
		};
		74DBC341206A0929006350C9 /* Data Model */ = {
			isa = PBXGroup;
			children = (
				74895368206F7B6F00F94F56 /* DataModel.xcdatamodeld */,
			);
			path = "Data Model";
			sourceTree = "<group>";
		};
		74DBC342206A0937006350C9 /* Controllers */ = {
			isa = PBXGroup;
			children = (
				74DBC32F2069E7F0006350C9 /* TodoListViewController.swift */,
				747E912A2072DACB002444C6 /* CategoryViewController.swift */,
			);
			path = Controllers;
			sourceTree = "<group>";
		};
		74DBC343206A0948006350C9 /* Views */ = {
			isa = PBXGroup;
			children = (
				74DBC3312069E7F0006350C9 /* Main.storyboard */,
			);
			path = Views;
			sourceTree = "<group>";
		};
		C3F4FC792BAE71FA9D983EDD /* Pods */ = {
			isa = PBXGroup;
			children = (
				B50F9F4889E369D848CFBE95 /* Pods-Todoey.debug.xcconfig */,
				4A9DFBC30F501368A6CE382A /* Pods-Todoey.release.xcconfig */,
			);
			name = Pods;
			sourceTree = "<group>";
		};
		FE51BA8E4AC47A60DEB3269B /* Frameworks */ = {
			isa = PBXGroup;
			children = (
				62F604BD2EA3A4F1D8EE4870 /* Pods_Todoey.framework */,
			);
			name = Frameworks;
			sourceTree = "<group>";
		};
/* End PBXGroup section */

/* Begin PBXNativeTarget section */
		74DBC3292069E7F0006350C9 /* Todoey */ = {
			isa = PBXNativeTarget;
			buildConfigurationList = 74DBC33C2069E7F0006350C9 /* Build configuration list for PBXNativeTarget "Todoey" */;
			buildPhases = (
				B2BA69F3C70C6207F53F45AD /* [CP] Check Pods Manifest.lock */,
				74DBC3262069E7F0006350C9 /* Sources */,
				74DBC3272069E7F0006350C9 /* Frameworks */,
				74DBC3282069E7F0006350C9 /* Resources */,
				5C4909B05ADC224C1A35CE08 /* [CP] Embed Pods Frameworks */,
				7C66F02AEEDDBC18C8EF4C94 /* [CP] Copy Pods Resources */,
			);
			buildRules = (
			);
			dependencies = (
			);
			name = Todoey;
			productName = Todoey;
			productReference = 74DBC32A2069E7F0006350C9 /* Todoey.app */;
			productType = "com.apple.product-type.application";
		};
/* End PBXNativeTarget section */

/* Begin PBXProject section */
		74DBC3222069E7F0006350C9 /* Project object */ = {
			isa = PBXProject;
			attributes = {
				LastSwiftUpdateCheck = 0920;
				LastUpgradeCheck = 0920;
				ORGANIZATIONNAME = "Chinmay Ghotkar";
				TargetAttributes = {
					74DBC3292069E7F0006350C9 = {
						CreatedOnToolsVersion = 9.2;
						ProvisioningStyle = Automatic;
					};
				};
			};
			buildConfigurationList = 74DBC3252069E7F0006350C9 /* Build configuration list for PBXProject "Todoey" */;
			compatibilityVersion = "Xcode 8.0";
			developmentRegion = en;
			hasScannedForEncodings = 0;
			knownRegions = (
				en,
				Base,
			);
			mainGroup = 74DBC3212069E7F0006350C9;
			productRefGroup = 74DBC32B2069E7F0006350C9 /* Products */;
			projectDirPath = "";
			projectRoot = "";
			targets = (
				74DBC3292069E7F0006350C9 /* Todoey */,
			);
		};
/* End PBXProject section */

/* Begin PBXResourcesBuildPhase section */
		74DBC3282069E7F0006350C9 /* Resources */ = {
			isa = PBXResourcesBuildPhase;
			buildActionMask = 2147483647;
			files = (
				74DBC3382069E7F0006350C9 /* LaunchScreen.storyboard in Resources */,
				74DBC3352069E7F0006350C9 /* Assets.xcassets in Resources */,
				74DBC3332069E7F0006350C9 /* Main.storyboard in Resources */,
			);
			runOnlyForDeploymentPostprocessing = 0;
		};
/* End PBXResourcesBuildPhase section */

/* Begin PBXShellScriptBuildPhase section */
		5C4909B05ADC224C1A35CE08 /* [CP] Embed Pods Frameworks */ = {
			isa = PBXShellScriptBuildPhase;
			buildActionMask = 2147483647;
			files = (
			);
			inputPaths = (
				"${SRCROOT}/Pods/Target Support Files/Pods-Todoey/Pods-Todoey-frameworks.sh",
				"${BUILT_PRODUCTS_DIR}/Realm/Realm.framework",
				"${BUILT_PRODUCTS_DIR}/RealmSwift/RealmSwift.framework",
			);
			name = "[CP] Embed Pods Frameworks";
			outputPaths = (
				"${TARGET_BUILD_DIR}/${FRAMEWORKS_FOLDER_PATH}/Realm.framework",
				"${TARGET_BUILD_DIR}/${FRAMEWORKS_FOLDER_PATH}/RealmSwift.framework",
			);
			runOnlyForDeploymentPostprocessing = 0;
			shellPath = /bin/sh;
			shellScript = "\"${SRCROOT}/Pods/Target Support Files/Pods-Todoey/Pods-Todoey-frameworks.sh\"\n";
			showEnvVarsInLog = 0;
		};
		7C66F02AEEDDBC18C8EF4C94 /* [CP] Copy Pods Resources */ = {
			isa = PBXShellScriptBuildPhase;
			buildActionMask = 2147483647;
			files = (
			);
			inputPaths = (
			);
			name = "[CP] Copy Pods Resources";
			outputPaths = (
			);
			runOnlyForDeploymentPostprocessing = 0;
			shellPath = /bin/sh;
			shellScript = "\"${SRCROOT}/Pods/Target Support Files/Pods-Todoey/Pods-Todoey-resources.sh\"\n";
			showEnvVarsInLog = 0;
		};
		B2BA69F3C70C6207F53F45AD /* [CP] Check Pods Manifest.lock */ = {
			isa = PBXShellScriptBuildPhase;
			buildActionMask = 2147483647;
			files = (
			);
			inputPaths = (
				"${PODS_PODFILE_DIR_PATH}/Podfile.lock",
				"${PODS_ROOT}/Manifest.lock",
			);
			name = "[CP] Check Pods Manifest.lock";
			outputPaths = (
				"$(DERIVED_FILE_DIR)/Pods-Todoey-checkManifestLockResult.txt",
			);
			runOnlyForDeploymentPostprocessing = 0;
			shellPath = /bin/sh;
			shellScript = "diff \"${PODS_PODFILE_DIR_PATH}/Podfile.lock\" \"${PODS_ROOT}/Manifest.lock\" > /dev/null\nif [ $? != 0 ] ; then\n    # print error to STDERR\n    echo \"error: The sandbox is not in sync with the Podfile.lock. Run 'pod install' or update your CocoaPods installation.\" >&2\n    exit 1\nfi\n# This output is used by Xcode 'outputs' to avoid re-running this script phase.\necho \"SUCCESS\" > \"${SCRIPT_OUTPUT_FILE_0}\"\n";
			showEnvVarsInLog = 0;
		};
/* End PBXShellScriptBuildPhase section */

/* Begin PBXSourcesBuildPhase section */
		74DBC3262069E7F0006350C9 /* Sources */ = {
			isa = PBXSourcesBuildPhase;
			buildActionMask = 2147483647;
			files = (
				747E912B2072DACB002444C6 /* CategoryViewController.swift in Sources */,
				74DBC3302069E7F0006350C9 /* TodoListViewController.swift in Sources */,
				7489536A206F7B6F00F94F56 /* DataModel.xcdatamodeld in Sources */,
				74DBC32E2069E7F0006350C9 /* AppDelegate.swift in Sources */,
			);
			runOnlyForDeploymentPostprocessing = 0;
		};
/* End PBXSourcesBuildPhase section */

/* Begin PBXVariantGroup section */
		74DBC3312069E7F0006350C9 /* Main.storyboard */ = {
			isa = PBXVariantGroup;
			children = (
				74DBC3322069E7F0006350C9 /* Base */,
			);
			name = Main.storyboard;
			sourceTree = "<group>";
		};
		74DBC3362069E7F0006350C9 /* LaunchScreen.storyboard */ = {
			isa = PBXVariantGroup;
			children = (
				74DBC3372069E7F0006350C9 /* Base */,
			);
			name = LaunchScreen.storyboard;
			sourceTree = "<group>";
		};
/* End PBXVariantGroup section */

/* Begin XCBuildConfiguration section */
		74DBC33A2069E7F0006350C9 /* Debug */ = {
			isa = XCBuildConfiguration;
			buildSettings = {
				ALWAYS_SEARCH_USER_PATHS = NO;
				CLANG_ANALYZER_NONNULL = YES;
				CLANG_ANALYZER_NUMBER_OBJECT_CONVERSION = YES_AGGRESSIVE;
				CLANG_CXX_LANGUAGE_STANDARD = "gnu++14";
				CLANG_CXX_LIBRARY = "libc++";
				CLANG_ENABLE_MODULES = YES;
				CLANG_ENABLE_OBJC_ARC = YES;
				CLANG_WARN_BLOCK_CAPTURE_AUTORELEASING = YES;
				CLANG_WARN_BOOL_CONVERSION = YES;
				CLANG_WARN_COMMA = YES;
				CLANG_WARN_CONSTANT_CONVERSION = YES;
				CLANG_WARN_DIRECT_OBJC_ISA_USAGE = YES_ERROR;
				CLANG_WARN_DOCUMENTATION_COMMENTS = YES;
				CLANG_WARN_EMPTY_BODY = YES;
				CLANG_WARN_ENUM_CONVERSION = YES;
				CLANG_WARN_INFINITE_RECURSION = YES;
				CLANG_WARN_INT_CONVERSION = YES;
				CLANG_WARN_NON_LITERAL_NULL_CONVERSION = YES;
				CLANG_WARN_OBJC_LITERAL_CONVERSION = YES;
				CLANG_WARN_OBJC_ROOT_CLASS = YES_ERROR;
				CLANG_WARN_RANGE_LOOP_ANALYSIS = YES;
				CLANG_WARN_STRICT_PROTOTYPES = YES;
				CLANG_WARN_SUSPICIOUS_MOVE = YES;
				CLANG_WARN_UNGUARDED_AVAILABILITY = YES_AGGRESSIVE;
				CLANG_WARN_UNREACHABLE_CODE = YES;
				CLANG_WARN__DUPLICATE_METHOD_MATCH = YES;
				CODE_SIGN_IDENTITY = "iPhone Developer";
				COPY_PHASE_STRIP = NO;
				DEBUG_INFORMATION_FORMAT = dwarf;
				ENABLE_STRICT_OBJC_MSGSEND = YES;
				ENABLE_TESTABILITY = YES;
				GCC_C_LANGUAGE_STANDARD = gnu11;
				GCC_DYNAMIC_NO_PIC = NO;
				GCC_NO_COMMON_BLOCKS = YES;
				GCC_OPTIMIZATION_LEVEL = 0;
				GCC_PREPROCESSOR_DEFINITIONS = (
					"DEBUG=1",
					"$(inherited)",
				);
				GCC_WARN_64_TO_32_BIT_CONVERSION = YES;
				GCC_WARN_ABOUT_RETURN_TYPE = YES_ERROR;
				GCC_WARN_UNDECLARED_SELECTOR = YES;
				GCC_WARN_UNINITIALIZED_AUTOS = YES_AGGRESSIVE;
				GCC_WARN_UNUSED_FUNCTION = YES;
				GCC_WARN_UNUSED_VARIABLE = YES;
				IPHONEOS_DEPLOYMENT_TARGET = 11.2;
				MTL_ENABLE_DEBUG_INFO = YES;
				ONLY_ACTIVE_ARCH = YES;
				SDKROOT = iphoneos;
				SWIFT_ACTIVE_COMPILATION_CONDITIONS = DEBUG;
				SWIFT_OPTIMIZATION_LEVEL = "-Onone";
			};
			name = Debug;
		};
		74DBC33B2069E7F0006350C9 /* Release */ = {
			isa = XCBuildConfiguration;
			buildSettings = {
				ALWAYS_SEARCH_USER_PATHS = NO;
				CLANG_ANALYZER_NONNULL = YES;
				CLANG_ANALYZER_NUMBER_OBJECT_CONVERSION = YES_AGGRESSIVE;
				CLANG_CXX_LANGUAGE_STANDARD = "gnu++14";
				CLANG_CXX_LIBRARY = "libc++";
				CLANG_ENABLE_MODULES = YES;
				CLANG_ENABLE_OBJC_ARC = YES;
				CLANG_WARN_BLOCK_CAPTURE_AUTORELEASING = YES;
				CLANG_WARN_BOOL_CONVERSION = YES;
				CLANG_WARN_COMMA = YES;
				CLANG_WARN_CONSTANT_CONVERSION = YES;
				CLANG_WARN_DIRECT_OBJC_ISA_USAGE = YES_ERROR;
				CLANG_WARN_DOCUMENTATION_COMMENTS = YES;
				CLANG_WARN_EMPTY_BODY = YES;
				CLANG_WARN_ENUM_CONVERSION = YES;
				CLANG_WARN_INFINITE_RECURSION = YES;
				CLANG_WARN_INT_CONVERSION = YES;
				CLANG_WARN_NON_LITERAL_NULL_CONVERSION = YES;
				CLANG_WARN_OBJC_LITERAL_CONVERSION = YES;
				CLANG_WARN_OBJC_ROOT_CLASS = YES_ERROR;
				CLANG_WARN_RANGE_LOOP_ANALYSIS = YES;
				CLANG_WARN_STRICT_PROTOTYPES = YES;
				CLANG_WARN_SUSPICIOUS_MOVE = YES;
				CLANG_WARN_UNGUARDED_AVAILABILITY = YES_AGGRESSIVE;
				CLANG_WARN_UNREACHABLE_CODE = YES;
				CLANG_WARN__DUPLICATE_METHOD_MATCH = YES;
				CODE_SIGN_IDENTITY = "iPhone Developer";
				COPY_PHASE_STRIP = NO;
				DEBUG_INFORMATION_FORMAT = "dwarf-with-dsym";
				ENABLE_NS_ASSERTIONS = NO;
				ENABLE_STRICT_OBJC_MSGSEND = YES;
				GCC_C_LANGUAGE_STANDARD = gnu11;
				GCC_NO_COMMON_BLOCKS = YES;
				GCC_WARN_64_TO_32_BIT_CONVERSION = YES;
				GCC_WARN_ABOUT_RETURN_TYPE = YES_ERROR;
				GCC_WARN_UNDECLARED_SELECTOR = YES;
				GCC_WARN_UNINITIALIZED_AUTOS = YES_AGGRESSIVE;
				GCC_WARN_UNUSED_FUNCTION = YES;
				GCC_WARN_UNUSED_VARIABLE = YES;
				IPHONEOS_DEPLOYMENT_TARGET = 11.2;
				MTL_ENABLE_DEBUG_INFO = NO;
				SDKROOT = iphoneos;
				SWIFT_OPTIMIZATION_LEVEL = "-Owholemodule";
				VALIDATE_PRODUCT = YES;
			};
			name = Release;
		};
		74DBC33D2069E7F0006350C9 /* Debug */ = {
			isa = XCBuildConfiguration;
			baseConfigurationReference = B50F9F4889E369D848CFBE95 /* Pods-Todoey.debug.xcconfig */;
			buildSettings = {
				ASSETCATALOG_COMPILER_APPICON_NAME = AppIcon;
				CODE_SIGN_STYLE = Automatic;
				DEVELOPMENT_TEAM = D859KWMJCQ;
				INFOPLIST_FILE = Todoey/Info.plist;
				LD_RUNPATH_SEARCH_PATHS = "$(inherited) @executable_path/Frameworks";
				PRODUCT_BUNDLE_IDENTIFIER = org.ghotkar.Todoey;
				PRODUCT_NAME = "$(TARGET_NAME)";
				SWIFT_VERSION = 4.0;
				TARGETED_DEVICE_FAMILY = "1,2";
			};
			name = Debug;
		};
		74DBC33E2069E7F0006350C9 /* Release */ = {
			isa = XCBuildConfiguration;
			baseConfigurationReference = 4A9DFBC30F501368A6CE382A /* Pods-Todoey.release.xcconfig */;
			buildSettings = {
				ASSETCATALOG_COMPILER_APPICON_NAME = AppIcon;
				CODE_SIGN_STYLE = Automatic;
				DEVELOPMENT_TEAM = D859KWMJCQ;
				INFOPLIST_FILE = Todoey/Info.plist;
				LD_RUNPATH_SEARCH_PATHS = "$(inherited) @executable_path/Frameworks";
				PRODUCT_BUNDLE_IDENTIFIER = org.ghotkar.Todoey;
				PRODUCT_NAME = "$(TARGET_NAME)";
				SWIFT_VERSION = 4.0;
				TARGETED_DEVICE_FAMILY = "1,2";
			};
			name = Release;
		};
/* End XCBuildConfiguration section */

/* Begin XCConfigurationList section */
		74DBC3252069E7F0006350C9 /* Build configuration list for PBXProject "Todoey" */ = {
			isa = XCConfigurationList;
			buildConfigurations = (
				74DBC33A2069E7F0006350C9 /* Debug */,
				74DBC33B2069E7F0006350C9 /* Release */,
			);
			defaultConfigurationIsVisible = 0;
			defaultConfigurationName = Release;
		};
		74DBC33C2069E7F0006350C9 /* Build configuration list for PBXNativeTarget "Todoey" */ = {
			isa = XCConfigurationList;
			buildConfigurations = (
				74DBC33D2069E7F0006350C9 /* Debug */,
				74DBC33E2069E7F0006350C9 /* Release */,
			);
			defaultConfigurationIsVisible = 0;
			defaultConfigurationName = Release;
		};
/* End XCConfigurationList section */

/* Begin XCVersionGroup section */
		74895368206F7B6F00F94F56 /* DataModel.xcdatamodeld */ = {
			isa = XCVersionGroup;
			children = (
				74895369206F7B6F00F94F56 /* DataModel.xcdatamodel */,
			);
			currentVersion = 74895369206F7B6F00F94F56 /* DataModel.xcdatamodel */;
			path = DataModel.xcdatamodeld;
			sourceTree = "<group>";
			versionGroupType = wrapper.xcdatamodel;
		};
/* End XCVersionGroup section */
	};
	rootObject = 74DBC3222069E7F0006350C9 /* Project object */;
}
